
Microsoft Visual Studio Solution File, Format Version 12.00
# Visual Studio Version 16
VisualStudioVersion = 16.0.33529.622
MinimumVisualStudioVersion = 10.0.40219.1
Project("{FAE04EC0-301F-11D3-BF4B-00C04F79EFBC}") = "DestructorTest", "DestructorTest\DestructorTest.csproj", "{7F2D5EC5-F4DC-415D-9246-89FF35B2870A}"
EndProject
Global
	GlobalSection(SolutionConfigurationPlatforms) = preSolution
		Debug|Any CPU = Debug|Any CPU
		Release|Any CPU = Release|Any CPU
	EndGlobalSection
	GlobalSection(ProjectConfigurationPlatforms) = postSolution
		{7F2D5EC5-F4DC-415D-9246-89FF35B2870A}.Debug|Any CPU.ActiveCfg = Debug|Any CPU
		{7F2D5EC5-F4DC-415D-9246-89FF35B2870A}.Debug|Any CPU.Build.0 = Debug|Any CPU
		{7F2D5EC5-F4DC-415D-9246-89FF35B2870A}.Release|Any CPU.ActiveCfg = Release|Any CPU
		{7F2D5EC5-F4DC-415D-9246-89FF35B2870A}.Release|Any CPU.Build.0 = Release|Any CPU
	EndGlobalSection
	GlobalSection(SolutionProperties) = preSolution
		HideSolutionNode = FALSE
	EndGlobalSection
	GlobalSection(ExtensibilityGlobals) = postSolution
		SolutionGuid = {6970E752-ACC6-45B3-9588-750DA0456BC6}
	EndGlobalSection
EndGlobal
