
Microsoft Visual Studio Solution File, Format Version 12.00
# Visual Studio Version 16
VisualStudioVersion = 16.0.33423.256
MinimumVisualStudioVersion = 10.0.40219.1
Project("{FAE04EC0-301F-11D3-BF4B-00C04F79EFBC}") = "논리연산자", "논리연산자\논리연산자.csproj", "{D90CF42F-4B5D-4FC6-8239-BCD50FBD4DE2}"
EndProject
Global
	GlobalSection(SolutionConfigurationPlatforms) = preSolution
		Debug|Any CPU = Debug|Any CPU
		Release|Any CPU = Release|Any CPU
	EndGlobalSection
	GlobalSection(ProjectConfigurationPlatforms) = postSolution
		{D90CF42F-4B5D-4FC6-8239-BCD50FBD4DE2}.Debug|Any CPU.ActiveCfg = Debug|Any CPU
		{D90CF42F-4B5D-4FC6-8239-BCD50FBD4DE2}.Debug|Any CPU.Build.0 = Debug|Any CPU
		{D90CF42F-4B5D-4FC6-8239-BCD50FBD4DE2}.Release|Any CPU.ActiveCfg = Release|Any CPU
		{D90CF42F-4B5D-4FC6-8239-BCD50FBD4DE2}.Release|Any CPU.Build.0 = Release|Any CPU
	EndGlobalSection
	GlobalSection(SolutionProperties) = preSolution
		HideSolutionNode = FALSE
	EndGlobalSection
	GlobalSection(ExtensibilityGlobals) = postSolution
		SolutionGuid = {6F577511-4148-4662-839E-968F685464D8}
	EndGlobalSection
EndGlobal
