
Microsoft Visual Studio Solution File, Format Version 12.00
# Visual Studio Version 16
VisualStudioVersion = 16.0.33423.256
MinimumVisualStudioVersion = 10.0.40219.1
Project("{FAE04EC0-301F-11D3-BF4B-00C04F79EFBC}") = "ArrayDemo", "ArrayDemo\ArrayDemo.csproj", "{7678E2EB-8F6F-4D50-8BED-BCADE26FA88A}"
EndProject
Global
	GlobalSection(SolutionConfigurationPlatforms) = preSolution
		Debug|Any CPU = Debug|Any CPU
		Release|Any CPU = Release|Any CPU
	EndGlobalSection
	GlobalSection(ProjectConfigurationPlatforms) = postSolution
		{7678E2EB-8F6F-4D50-8BED-BCADE26FA88A}.Debug|Any CPU.ActiveCfg = Debug|Any CPU
		{7678E2EB-8F6F-4D50-8BED-BCADE26FA88A}.Debug|Any CPU.Build.0 = Debug|Any CPU
		{7678E2EB-8F6F-4D50-8BED-BCADE26FA88A}.Release|Any CPU.ActiveCfg = Release|Any CPU
		{7678E2EB-8F6F-4D50-8BED-BCADE26FA88A}.Release|Any CPU.Build.0 = Release|Any CPU
	EndGlobalSection
	GlobalSection(SolutionProperties) = preSolution
		HideSolutionNode = FALSE
	EndGlobalSection
	GlobalSection(ExtensibilityGlobals) = postSolution
		SolutionGuid = {7D60C0EB-7FAF-4EEF-9DF6-2E437ACBA8E7}
	EndGlobalSection
EndGlobal
