
Microsoft Visual Studio Solution File, Format Version 12.00
# Visual Studio Version 16
VisualStudioVersion = 16.0.33423.256
MinimumVisualStudioVersion = 10.0.40219.1
Project("{FAE04EC0-301F-11D3-BF4B-00C04F79EFBC}") = "HelloWithNetWithVisualStudio", "HelloWithNetWithVisualStudio\HelloWithNetWithVisualStudio.csproj", "{D3883C7E-2E16-4937-996D-119262C33743}"
EndProject
Global
	GlobalSection(SolutionConfigurationPlatforms) = preSolution
		Debug|Any CPU = Debug|Any CPU
		Release|Any CPU = Release|Any CPU
	EndGlobalSection
	GlobalSection(ProjectConfigurationPlatforms) = postSolution
		{D3883C7E-2E16-4937-996D-119262C33743}.Debug|Any CPU.ActiveCfg = Debug|Any CPU
		{D3883C7E-2E16-4937-996D-119262C33743}.Debug|Any CPU.Build.0 = Debug|Any CPU
		{D3883C7E-2E16-4937-996D-119262C33743}.Release|Any CPU.ActiveCfg = Release|Any CPU
		{D3883C7E-2E16-4937-996D-119262C33743}.Release|Any CPU.Build.0 = Release|Any CPU
	EndGlobalSection
	GlobalSection(SolutionProperties) = preSolution
		HideSolutionNode = FALSE
	EndGlobalSection
	GlobalSection(ExtensibilityGlobals) = postSolution
		SolutionGuid = {4D379199-E507-459A-A530-9589709A9D55}
	EndGlobalSection
EndGlobal
