
Microsoft Visual Studio Solution File, Format Version 12.00
# Visual Studio Version 16
VisualStudioVersion = 16.0.33423.256
MinimumVisualStudioVersion = 10.0.40219.1
Project("{FAE04EC0-301F-11D3-BF4B-00C04F79EFBC}") = "else", "else\else.csproj", "{5C3F5D10-7342-48A8-9576-4C8A79EDD201}"
EndProject
Global
	GlobalSection(SolutionConfigurationPlatforms) = preSolution
		Debug|Any CPU = Debug|Any CPU
		Release|Any CPU = Release|Any CPU
	EndGlobalSection
	GlobalSection(ProjectConfigurationPlatforms) = postSolution
		{5C3F5D10-7342-48A8-9576-4C8A79EDD201}.Debug|Any CPU.ActiveCfg = Debug|Any CPU
		{5C3F5D10-7342-48A8-9576-4C8A79EDD201}.Debug|Any CPU.Build.0 = Debug|Any CPU
		{5C3F5D10-7342-48A8-9576-4C8A79EDD201}.Release|Any CPU.ActiveCfg = Release|Any CPU
		{5C3F5D10-7342-48A8-9576-4C8A79EDD201}.Release|Any CPU.Build.0 = Release|Any CPU
	EndGlobalSection
	GlobalSection(SolutionProperties) = preSolution
		HideSolutionNode = FALSE
	EndGlobalSection
	GlobalSection(ExtensibilityGlobals) = postSolution
		SolutionGuid = {C9FF0736-302E-4714-A028-639DFD901B2F}
	EndGlobalSection
EndGlobal
