
Microsoft Visual Studio Solution File, Format Version 12.00
# Visual Studio Version 16
VisualStudioVersion = 16.0.33529.622
MinimumVisualStudioVersion = 10.0.40219.1
Project("{FAE04EC0-301F-11D3-BF4B-00C04F79EFBC}") = "IndexerAndIterator", "IndexerAndIterator\IndexerAndIterator.csproj", "{A39F1BC7-71DF-416D-B66B-2FF596B37E8C}"
EndProject
Global
	GlobalSection(SolutionConfigurationPlatforms) = preSolution
		Debug|Any CPU = Debug|Any CPU
		Release|Any CPU = Release|Any CPU
	EndGlobalSection
	GlobalSection(ProjectConfigurationPlatforms) = postSolution
		{A39F1BC7-71DF-416D-B66B-2FF596B37E8C}.Debug|Any CPU.ActiveCfg = Debug|Any CPU
		{A39F1BC7-71DF-416D-B66B-2FF596B37E8C}.Debug|Any CPU.Build.0 = Debug|Any CPU
		{A39F1BC7-71DF-416D-B66B-2FF596B37E8C}.Release|Any CPU.ActiveCfg = Release|Any CPU
		{A39F1BC7-71DF-416D-B66B-2FF596B37E8C}.Release|Any CPU.Build.0 = Release|Any CPU
	EndGlobalSection
	GlobalSection(SolutionProperties) = preSolution
		HideSolutionNode = FALSE
	EndGlobalSection
	GlobalSection(ExtensibilityGlobals) = postSolution
		SolutionGuid = {35C2E31A-6FE2-495E-8FCF-A21AF54DC49C}
	EndGlobalSection
EndGlobal
